github.com/gin-gonic/gin v1.3.0/go.mod h1:7cKuhb5qV2ggCFctp2fJQ+ErvciLZrIeoOSOm6mUr7Y=
github.com/jinzhu/gorm v1.9.2/go.mod h1:Vla75njaFJ8clLU1W44h34PjIkijhjHIYnZxMqCdxqo=
github.com/skip2/go-qrcode v0.0.0-20190110000554-dc11ecdae0a9 h1:lpEzuenPuO1XNTeikEmvqYFcU37GVLl8SRNblzyvGBE=
github.com/skip2/go-qrcode v0.0.0-20190110000554-dc11ecdae0a9/go.mod h1:PLPIyL7ikehBD1OAjmKKiOEhbvWyHGaNDjquXMcYABo=
